{
  "name": "life-design-system-root",
  "version": "1.0.0",
  "lockfileVersion": 3,
  "requires": true,
  "packages": {
    "": {
      "name": "life-design-system-root",
      "version": "1.0.0",
      "workspaces": [
        "packages/*"
      ],
      "dependencies": {
        "@life-ds/icons": "^1.0.0",
        "@life-ds/tokens": "^1.0.0"
      },
      "devDependencies": {
        "life-design-system-icons": "^1.0.0"
      }
    },
    "node_modules/@life-ds/components-web": {
      "resolved": "packages/components-web",
      "link": true
    },
    "node_modules/@life-ds/icons": {
      "resolved": "packages/icons",
      "link": true
    },
    "node_modules/@life-ds/tokens": {
      "resolved": "packages/tokens",
      "link": true
    },
    "node_modules/life-design-system-icons": {
      "version": "1.0.0",
      "resolved": "https://registry.npmjs.org/life-design-system-icons/-/life-design-system-icons-1.0.0.tgz",
      "integrity": "sha512-/VUlF66uvCZ0QULzzT3czCner/S9OfXp21AkGTK9ESs5wAMf/nrVbZt4s/eotwcaiz3TTXdoHH6t5CsjNqWBiw==",
      "dev": true
    },
    "packages/components-web": {
      "name": "@life-ds/components-web",
      "version": "1.0.0",
      "license": "ISC",
      "dependencies": {
        "@life-ds/icons": "^1.0.0",
        "@life-ds/tokens": "^1.0.0"
      },
      "bin": {
        "life-ds": "bin/cli.mjs"
      }
    },
    "packages/icons": {
      "name": "@life-ds/icons",
      "version": "1.0.0"
    },
    "packages/tokens": {
      "name": "@life-ds/tokens",
      "version": "1.0.0",
      "license": "ISC"
    }
  }
}
